Microsoft Visual Studio Solution File, Format Version 11.00
# Visual Studio 2008

Project("{B6460C34-185A-DD40-4BFB-D503DCC16DDB}") = "Protopouet", "Assembly-CSharp-firstpass.csproj", "{DD3EED00-0D5B-0327-3E31-453BB41D8C1D}"
EndProject
Project("{B6460C34-185A-DD40-4BFB-D503DCC16DDB}") = "Protopouet", "Assembly-CSharp.csproj", "{0993553B-DE41-F9B4-D556-475A32033569}"
EndProject
Project("{B6460C34-185A-DD40-4BFB-D503DCC16DDB}") = "Protopouet", "Assembly-UnityScript-firstpass.unityproj", "{C9828452-428C-B018-986C-F4B47B78CD87}"
EndProject
Global
	GlobalSection(SolutionConfigurationPlatforms) = preSolution
		Debug|Any CPU = Debug|Any CPU
		Release|Any CPU = Release|Any CPU
	EndGlobalSection
	GlobalSection(ProjectConfigurationPlatforms) = postSolution
		{DD3EED00-0D5B-0327-3E31-453BB41D8C1D}.Debug|Any CPU.ActiveCfg = Debug|Any CPU
		{DD3EED00-0D5B-0327-3E31-453BB41D8C1D}.Debug|Any CPU.Build.0 = Debug|Any CPU
		{DD3EED00-0D5B-0327-3E31-453BB41D8C1D}.Release|Any CPU.ActiveCfg = Release|Any CPU
		{DD3EED00-0D5B-0327-3E31-453BB41D8C1D}.Release|Any CPU.Build.0 = Release|Any CPU
		{0993553B-DE41-F9B4-D556-475A32033569}.Debug|Any CPU.ActiveCfg = Debug|Any CPU
		{0993553B-DE41-F9B4-D556-475A32033569}.Debug|Any CPU.Build.0 = Debug|Any CPU
		{0993553B-DE41-F9B4-D556-475A32033569}.Release|Any CPU.ActiveCfg = Release|Any CPU
		{0993553B-DE41-F9B4-D556-475A32033569}.Release|Any CPU.Build.0 = Release|Any CPU
		{C9828452-428C-B018-986C-F4B47B78CD87}.Debug|Any CPU.ActiveCfg = Debug|Any CPU
		{C9828452-428C-B018-986C-F4B47B78CD87}.Debug|Any CPU.Build.0 = Debug|Any CPU
		{C9828452-428C-B018-986C-F4B47B78CD87}.Release|Any CPU.ActiveCfg = Release|Any CPU
		{C9828452-428C-B018-986C-F4B47B78CD87}.Release|Any CPU.Build.0 = Release|Any CPU
	EndGlobalSection
	GlobalSection(SolutionProperties) = preSolution
		HideSolutionNode = FALSE
	EndGlobalSection
																																			GlobalSection(MonoDevelopProperties) = preSolution
		StartupItem = Assembly-CSharp.csproj
		Policies = $0
		$0.TextStylePolicy = $1
		$1.inheritsSet = null
		$1.scope = text/x-csharp
		$0.CSharpFormattingPolicy = $2
		$2.inheritsSet = Mono
		$2.inheritsScope = text/x-csharp
		$2.scope = text/x-csharp
		$0.TextStylePolicy = $3
		$3.FileWidth = 120
		$3.TabWidth = 4
		$3.EolMarker = Unix
		$3.inheritsSet = Mono
		$3.inheritsScope = text/plain
		$3.scope = text/plain
	EndGlobalSection

EndGlobal
